
Microsoft Visual Studio Solution File, Format Version 12.00
# Visual Studio Version 16
VisualStudioVersion = 16.0.30621.155
MinimumVisualStudioVersion = 10.0.40219.1
Project("{FAE04EC0-301F-11D3-BF4B-00C04F79EFBC}") = "XTecDigital", "XTecDigital\XTecDigital.csproj", "{70A42F98-E04F-456C-885D-EB5C18112F9C}"
EndProject
Global
	GlobalSection(SolutionConfigurationPlatforms) = preSolution
		Debug|Any CPU = Debug|Any CPU
		Release|Any CPU = Release|Any CPU
	EndGlobalSection
	GlobalSection(ProjectConfigurationPlatforms) = postSolution
		{70A42F98-E04F-456C-885D-EB5C18112F9C}.Debug|Any CPU.ActiveCfg = Debug|Any CPU
		{70A42F98-E04F-456C-885D-EB5C18112F9C}.Debug|Any CPU.Build.0 = Debug|Any CPU
		{70A42F98-E04F-456C-885D-EB5C18112F9C}.Release|Any CPU.ActiveCfg = Release|Any CPU
		{70A42F98-E04F-456C-885D-EB5C18112F9C}.Release|Any CPU.Build.0 = Release|Any CPU
	EndGlobalSection
	GlobalSection(SolutionProperties) = preSolution
		HideSolutionNode = FALSE
	EndGlobalSection
	GlobalSection(ExtensibilityGlobals) = postSolution
		SolutionGuid = {8163F329-DFA3-4463-BDDB-9F48BC3ECAD4}
	EndGlobalSection
EndGlobal
